
Microsoft Visual Studio Solution File, Format Version 12.00
# Visual Studio Version 17
VisualStudioVersion = 17.7.34009.444
MinimumVisualStudioVersion = 10.0.40219.1
Project("{FAE04EC0-301F-11D3-BF4B-00C04F79EFBC}") = "NunitPractica2", "NunitPractica2\NunitPractica2.csproj", "{448880EB-E4DE-4543-A4FC-897FA572350E}"
EndProject
Global
	GlobalSection(SolutionConfigurationPlatforms) = preSolution
		Debug|Any CPU = Debug|Any CPU
		Release|Any CPU = Release|Any CPU
	EndGlobalSection
	GlobalSection(ProjectConfigurationPlatforms) = postSolution
		{448880EB-E4DE-4543-A4FC-897FA572350E}.Debug|Any CPU.ActiveCfg = Debug|Any CPU
		{448880EB-E4DE-4543-A4FC-897FA572350E}.Debug|Any CPU.Build.0 = Debug|Any CPU
		{448880EB-E4DE-4543-A4FC-897FA572350E}.Release|Any CPU.ActiveCfg = Release|Any CPU
		{448880EB-E4DE-4543-A4FC-897FA572350E}.Release|Any CPU.Build.0 = Release|Any CPU
	EndGlobalSection
	GlobalSection(SolutionProperties) = preSolution
		HideSolutionNode = FALSE
	EndGlobalSection
	GlobalSection(ExtensibilityGlobals) = postSolution
		SolutionGuid = {F8024BD3-FA86-4153-A71B-FD31183FA6A6}
	EndGlobalSection
EndGlobal
