
Microsoft Visual Studio Solution File, Format Version 12.00
# Visual Studio Version 17
VisualStudioVersion = 17.7.34009.444
MinimumVisualStudioVersion = 10.0.40219.1
Project("{FAE04EC0-301F-11D3-BF4B-00C04F79EFBC}") = "Poo.Net", "Poo.Net\Poo.Net.csproj", "{B9B578D9-7FDB-49D0-81E6-B3B9579CB6A4}"
EndProject
Global
	GlobalSection(SolutionConfigurationPlatforms) = preSolution
		Debug|Any CPU = Debug|Any CPU
		Release|Any CPU = Release|Any CPU
	EndGlobalSection
	GlobalSection(ProjectConfigurationPlatforms) = postSolution
		{B9B578D9-7FDB-49D0-81E6-B3B9579CB6A4}.Debug|Any CPU.ActiveCfg = Debug|Any CPU
		{B9B578D9-7FDB-49D0-81E6-B3B9579CB6A4}.Debug|Any CPU.Build.0 = Debug|Any CPU
		{B9B578D9-7FDB-49D0-81E6-B3B9579CB6A4}.Release|Any CPU.ActiveCfg = Release|Any CPU
		{B9B578D9-7FDB-49D0-81E6-B3B9579CB6A4}.Release|Any CPU.Build.0 = Release|Any CPU
	EndGlobalSection
	GlobalSection(SolutionProperties) = preSolution
		HideSolutionNode = FALSE
	EndGlobalSection
	GlobalSection(ExtensibilityGlobals) = postSolution
		SolutionGuid = {2E815AE4-3116-4DD1-9867-CE2FD92D0610}
	EndGlobalSection
EndGlobal
